
Microsoft Visual Studio Solution File, Format Version 12.00
# Visual Studio 15
VisualStudioVersion = 15.0.27703.2042
MinimumVisualStudioVersion = 10.0.40219.1
Project("{FAE04EC0-301F-11D3-BF4B-00C04F79EFBC}") = "MysteryBox.Web", "MysteryBox.Web\MysteryBox.Web.csproj", "{A6C097FD-A018-4765-8A63-17C38465479D}"
EndProject
Project("{FAE04EC0-301F-11D3-BF4B-00C04F79EFBC}") = "MysteryBox.UnitTests", "MysteryBox.UnitTests\MysteryBox.UnitTests.csproj", "{453B264F-5703-4575-A45B-A1E146922634}"
EndProject
Global
	GlobalSection(SolutionConfigurationPlatforms) = preSolution
		Debug|Any CPU = Debug|Any CPU
		Release|Any CPU = Release|Any CPU
	EndGlobalSection
	GlobalSection(ProjectConfigurationPlatforms) = postSolution
		{A6C097FD-A018-4765-8A63-17C38465479D}.Debug|Any CPU.ActiveCfg = Debug|Any CPU
		{A6C097FD-A018-4765-8A63-17C38465479D}.Debug|Any CPU.Build.0 = Debug|Any CPU
		{A6C097FD-A018-4765-8A63-17C38465479D}.Release|Any CPU.ActiveCfg = Release|Any CPU
		{A6C097FD-A018-4765-8A63-17C38465479D}.Release|Any CPU.Build.0 = Release|Any CPU
		{453B264F-5703-4575-A45B-A1E146922634}.Debug|Any CPU.ActiveCfg = Debug|Any CPU
		{453B264F-5703-4575-A45B-A1E146922634}.Debug|Any CPU.Build.0 = Debug|Any CPU
		{453B264F-5703-4575-A45B-A1E146922634}.Release|Any CPU.ActiveCfg = Release|Any CPU
		{453B264F-5703-4575-A45B-A1E146922634}.Release|Any CPU.Build.0 = Release|Any CPU
	EndGlobalSection
	GlobalSection(SolutionProperties) = preSolution
		HideSolutionNode = FALSE
	EndGlobalSection
	GlobalSection(ExtensibilityGlobals) = postSolution
		SolutionGuid = {EAEC461C-4D98-4A91-BB23-D35B3E543091}
	EndGlobalSection
EndGlobal
